<Solution>
  <Folder Name="/Solution Items/">
    <File Path=".editorconfig" />
    <File Path=".gitignore" />
  </Folder>

  <Folder Name="/Solution Items/src/">
    <File Path="src/Directory.Build.props" />
    <File Path="src/Directory.Build.targets" />
  </Folder>

  <Folder Name="/src/">
    <Project Path="src/Top.MindPower/Top.MindPower.csproj" />
    <Project Path="src/Top.Text/Top.Text.csproj" />
  </Folder>
  <Folder Name="/tests/">
    <Project Path="tests/Top.MindPower.Tests/Top.MindPower.Tests.csproj" />
    <Project Path="tests/Top.Text.Tests/Top.Text.Tests.csproj" />
  </Folder>
</Solution>
